
Microsoft Visual Studio Solution File, Format Version 12.00
# Visual Studio 15
VisualStudioVersion = 15.0.26730.12
MinimumVisualStudioVersion = 10.0.40219.1
Project("{FAE04EC0-301F-11D3-BF4B-00C04F79EFBC}") = "BillingSoft", "BillingSoft\BillingSoft.csproj", "{2644B3E3-FE2A-4EB4-9702-4151933CD740}"
EndProject
Project("{54435603-DBB4-11D2-8724-00A0C9A8B90C}") = "BillingSoft. Setup", "BillingSoft. Setup\BillingSoft. Setup.vdproj", "{F0D2AA4C-2207-4811-A292-D2FC209700E0}"
EndProject
Global
	GlobalSection(SolutionConfigurationPlatforms) = preSolution
		Debug|Any CPU = Debug|Any CPU
		Release|Any CPU = Release|Any CPU
	EndGlobalSection
	GlobalSection(ProjectConfigurationPlatforms) = postSolution
		{2644B3E3-FE2A-4EB4-9702-4151933CD740}.Debug|Any CPU.ActiveCfg = Debug|Any CPU
		{2644B3E3-FE2A-4EB4-9702-4151933CD740}.Debug|Any CPU.Build.0 = Debug|Any CPU
		{2644B3E3-FE2A-4EB4-9702-4151933CD740}.Release|Any CPU.ActiveCfg = Release|Any CPU
		{2644B3E3-FE2A-4EB4-9702-4151933CD740}.Release|Any CPU.Build.0 = Release|Any CPU
		{F0D2AA4C-2207-4811-A292-D2FC209700E0}.Debug|Any CPU.ActiveCfg = Debug
		{F0D2AA4C-2207-4811-A292-D2FC209700E0}.Release|Any CPU.ActiveCfg = Release
	EndGlobalSection
	GlobalSection(SolutionProperties) = preSolution
		HideSolutionNode = FALSE
	EndGlobalSection
	GlobalSection(ExtensibilityGlobals) = postSolution
		SolutionGuid = {F593D282-EE16-4F9E-B02A-0928E0A25BB3}
	EndGlobalSection
EndGlobal
